
Microsoft Visual Studio Solution File, Format Version 12.00
# Visual Studio Version 17
VisualStudioVersion = 17.5.002.0
MinimumVisualStudioVersion = 10.0.40219.1
Project("{9A19103F-16F7-4668-BE54-9A1E7A4F7556}") = "EvoType", "EvoType.csproj", "{35082FBC-79DB-44BE-A466-A8730B9BF9EE}"
EndProject
Global
	GlobalSection(SolutionConfigurationPlatforms) = preSolution
		Debug|Any CPU = Debug|Any CPU
		Release|Any CPU = Release|Any CPU
	EndGlobalSection
	GlobalSection(ProjectConfigurationPlatforms) = postSolution
		{35082FBC-79DB-44BE-A466-A8730B9BF9EE}.Debug|Any CPU.ActiveCfg = Debug|Any CPU
		{35082FBC-79DB-44BE-A466-A8730B9BF9EE}.Debug|Any CPU.Build.0 = Debug|Any CPU
		{35082FBC-79DB-44BE-A466-A8730B9BF9EE}.Release|Any CPU.ActiveCfg = Release|Any CPU
		{35082FBC-79DB-44BE-A466-A8730B9BF9EE}.Release|Any CPU.Build.0 = Release|Any CPU
	EndGlobalSection
	GlobalSection(SolutionProperties) = preSolution
		HideSolutionNode = FALSE
	EndGlobalSection
	GlobalSection(ExtensibilityGlobals) = postSolution
		SolutionGuid = {A74BD505-384A-4C2E-A0E6-7DB306901708}
	EndGlobalSection
EndGlobal
